
Microsoft Visual Studio Solution File, Format Version 12.00
# Visual Studio Version 17
VisualStudioVersion = 17.1.32328.378
MinimumVisualStudioVersion = 10.0.40219.1
Project("{2150E333-8FDC-42A3-9474-1A3956D46DE8}") = "src", "src", "{7CCF8546-984A-41D7-80B9-07E90AFC8C5B}"
EndProject
Project("{9A19103F-16F7-4668-BE54-9A1E7A4F7556}") = "Vocabulary.BlazorServer", "src\Vocabulary.BlazorServer\Vocabulary.BlazorServer.csproj", "{B6D4808D-2F23-4828-A791-E6034147D3DB}"
EndProject
Project("{2150E333-8FDC-42A3-9474-1A3956D46DE8}") = "test", "test", "{0D94D47A-CCE1-4D49-9F3C-36CCA4559536}"
EndProject
Project("{2150E333-8FDC-42A3-9474-1A3956D46DE8}") = "root", "root", "{5C286D33-CB4F-459E-B68E-D92971F5704B}"
	ProjectSection(SolutionItems) = preProject
		.editorconfig = .editorconfig
		.env = .env
		docker-compose.yml = docker-compose.yml
	EndProjectSection
EndProject
Project("{9A19103F-16F7-4668-BE54-9A1E7A4F7556}") = "Vocabulary.Adapters", "src\Vocabulary.Adapters\Vocabulary.Adapters.csproj", "{DBA5570E-1C49-42E4-9521-E77D104AEC07}"
EndProject
Project("{9A19103F-16F7-4668-BE54-9A1E7A4F7556}") = "Vocabulary.Adapters.Tests", "test\Vocabulary.Adapters.Tests\Vocabulary.Adapters.Tests.csproj", "{0F814994-E181-443B-B423-CF460EA93285}"
EndProject
Project("{2150E333-8FDC-42A3-9474-1A3956D46DE8}") = "docs", "docs", "{9B143A91-A1F8-41D7-AD01-A1A772F3E632}"
	ProjectSection(SolutionItems) = preProject
		docs\glossary.md = docs\glossary.md
	EndProjectSection
EndProject
Project("{6EC3EE1D-3C4E-46DD-8F32-0CC8E7565705}") = "Vocabulary.WebClient.Store", "src\Vocabulary.WebClient.Store\Vocabulary.WebClient.Store.fsproj", "{0FC77F6C-96BD-4121-B1FB-1CD54ACEEEA5}"
EndProject
Project("{6EC3EE1D-3C4E-46DD-8F32-0CC8E7565705}") = "Vocabulary.DataContracts", "src\Vocabulary.DataContracts\Vocabulary.DataContracts.fsproj", "{E45D9CB3-5A79-4C5B-B7E1-1AD1D9724FB4}"
EndProject
Project("{9A19103F-16F7-4668-BE54-9A1E7A4F7556}") = "Vocabulary_", "src\Vocabulary_\Vocabulary_.csproj", "{22908FDA-68B0-4B83-AA34-D9E6CD325385}"
EndProject
Project("{9A19103F-16F7-4668-BE54-9A1E7A4F7556}") = "Vocabulary_.Tests", "test\Vocabulary_.Tests\Vocabulary_.Tests.csproj", "{C2BFAC8B-562B-4DBD-8A37-4012D3F76632}"
EndProject
Project("{F2A71F9B-5D33-465A-A702-920D77279786}") = "Vocabulary", "src\Vocabulary\Vocabulary.fsproj", "{A54806BA-795E-492B-8271-FCBA9DE20D10}"
EndProject
Global
	GlobalSection(SolutionConfigurationPlatforms) = preSolution
		Debug|Any CPU = Debug|Any CPU
		Release|Any CPU = Release|Any CPU
	EndGlobalSection
	GlobalSection(ProjectConfigurationPlatforms) = postSolution
		{B6D4808D-2F23-4828-A791-E6034147D3DB}.Debug|Any CPU.ActiveCfg = Debug|Any CPU
		{B6D4808D-2F23-4828-A791-E6034147D3DB}.Debug|Any CPU.Build.0 = Debug|Any CPU
		{B6D4808D-2F23-4828-A791-E6034147D3DB}.Release|Any CPU.ActiveCfg = Release|Any CPU
		{B6D4808D-2F23-4828-A791-E6034147D3DB}.Release|Any CPU.Build.0 = Release|Any CPU
		{DBA5570E-1C49-42E4-9521-E77D104AEC07}.Debug|Any CPU.ActiveCfg = Debug|Any CPU
		{DBA5570E-1C49-42E4-9521-E77D104AEC07}.Debug|Any CPU.Build.0 = Debug|Any CPU
		{DBA5570E-1C49-42E4-9521-E77D104AEC07}.Release|Any CPU.ActiveCfg = Release|Any CPU
		{DBA5570E-1C49-42E4-9521-E77D104AEC07}.Release|Any CPU.Build.0 = Release|Any CPU
		{0F814994-E181-443B-B423-CF460EA93285}.Debug|Any CPU.ActiveCfg = Debug|Any CPU
		{0F814994-E181-443B-B423-CF460EA93285}.Debug|Any CPU.Build.0 = Debug|Any CPU
		{0F814994-E181-443B-B423-CF460EA93285}.Release|Any CPU.ActiveCfg = Release|Any CPU
		{0F814994-E181-443B-B423-CF460EA93285}.Release|Any CPU.Build.0 = Release|Any CPU
		{0FC77F6C-96BD-4121-B1FB-1CD54ACEEEA5}.Debug|Any CPU.ActiveCfg = Debug|Any CPU
		{0FC77F6C-96BD-4121-B1FB-1CD54ACEEEA5}.Debug|Any CPU.Build.0 = Debug|Any CPU
		{0FC77F6C-96BD-4121-B1FB-1CD54ACEEEA5}.Release|Any CPU.ActiveCfg = Release|Any CPU
		{0FC77F6C-96BD-4121-B1FB-1CD54ACEEEA5}.Release|Any CPU.Build.0 = Release|Any CPU
		{E45D9CB3-5A79-4C5B-B7E1-1AD1D9724FB4}.Debug|Any CPU.ActiveCfg = Debug|Any CPU
		{E45D9CB3-5A79-4C5B-B7E1-1AD1D9724FB4}.Debug|Any CPU.Build.0 = Debug|Any CPU
		{E45D9CB3-5A79-4C5B-B7E1-1AD1D9724FB4}.Release|Any CPU.ActiveCfg = Release|Any CPU
		{E45D9CB3-5A79-4C5B-B7E1-1AD1D9724FB4}.Release|Any CPU.Build.0 = Release|Any CPU
		{22908FDA-68B0-4B83-AA34-D9E6CD325385}.Debug|Any CPU.ActiveCfg = Debug|Any CPU
		{22908FDA-68B0-4B83-AA34-D9E6CD325385}.Debug|Any CPU.Build.0 = Debug|Any CPU
		{22908FDA-68B0-4B83-AA34-D9E6CD325385}.Release|Any CPU.ActiveCfg = Release|Any CPU
		{22908FDA-68B0-4B83-AA34-D9E6CD325385}.Release|Any CPU.Build.0 = Release|Any CPU
		{C2BFAC8B-562B-4DBD-8A37-4012D3F76632}.Debug|Any CPU.ActiveCfg = Debug|Any CPU
		{C2BFAC8B-562B-4DBD-8A37-4012D3F76632}.Debug|Any CPU.Build.0 = Debug|Any CPU
		{C2BFAC8B-562B-4DBD-8A37-4012D3F76632}.Release|Any CPU.ActiveCfg = Release|Any CPU
		{C2BFAC8B-562B-4DBD-8A37-4012D3F76632}.Release|Any CPU.Build.0 = Release|Any CPU
		{A54806BA-795E-492B-8271-FCBA9DE20D10}.Debug|Any CPU.ActiveCfg = Debug|Any CPU
		{A54806BA-795E-492B-8271-FCBA9DE20D10}.Debug|Any CPU.Build.0 = Debug|Any CPU
		{A54806BA-795E-492B-8271-FCBA9DE20D10}.Release|Any CPU.ActiveCfg = Release|Any CPU
		{A54806BA-795E-492B-8271-FCBA9DE20D10}.Release|Any CPU.Build.0 = Release|Any CPU
	EndGlobalSection
	GlobalSection(SolutionProperties) = preSolution
		HideSolutionNode = FALSE
	EndGlobalSection
	GlobalSection(NestedProjects) = preSolution
		{B6D4808D-2F23-4828-A791-E6034147D3DB} = {7CCF8546-984A-41D7-80B9-07E90AFC8C5B}
		{DBA5570E-1C49-42E4-9521-E77D104AEC07} = {7CCF8546-984A-41D7-80B9-07E90AFC8C5B}
		{0F814994-E181-443B-B423-CF460EA93285} = {0D94D47A-CCE1-4D49-9F3C-36CCA4559536}
		{9B143A91-A1F8-41D7-AD01-A1A772F3E632} = {5C286D33-CB4F-459E-B68E-D92971F5704B}
		{0FC77F6C-96BD-4121-B1FB-1CD54ACEEEA5} = {7CCF8546-984A-41D7-80B9-07E90AFC8C5B}
		{E45D9CB3-5A79-4C5B-B7E1-1AD1D9724FB4} = {7CCF8546-984A-41D7-80B9-07E90AFC8C5B}
		{22908FDA-68B0-4B83-AA34-D9E6CD325385} = {7CCF8546-984A-41D7-80B9-07E90AFC8C5B}
		{C2BFAC8B-562B-4DBD-8A37-4012D3F76632} = {0D94D47A-CCE1-4D49-9F3C-36CCA4559536}
		{A54806BA-795E-492B-8271-FCBA9DE20D10} = {7CCF8546-984A-41D7-80B9-07E90AFC8C5B}
	EndGlobalSection
	GlobalSection(ExtensibilityGlobals) = postSolution
		SolutionGuid = {AE24056D-621D-4702-8947-6E0FACFE3C57}
	EndGlobalSection
EndGlobal
